
Microsoft Visual Studio Solution File, Format Version 12.00
# Visual Studio Version 17
VisualStudioVersion = 17.7.34031.279
MinimumVisualStudioVersion = 10.0.40219.1
Project("{888888A0-9F3D-457C-B088-3A5042F75D52}") = "PythonApplication14", "PythonApplication14\PythonApplication14.pyproj", "{F55B26F6-8E0D-4D71-9003-DC37148D4971}"
EndProject
Global
	GlobalSection(SolutionConfigurationPlatforms) = preSolution
		Debug|Any CPU = Debug|Any CPU
		Release|Any CPU = Release|Any CPU
	EndGlobalSection
	GlobalSection(ProjectConfigurationPlatforms) = postSolution
		{F55B26F6-8E0D-4D71-9003-DC37148D4971}.Debug|Any CPU.ActiveCfg = Debug|Any CPU
		{F55B26F6-8E0D-4D71-9003-DC37148D4971}.Release|Any CPU.ActiveCfg = Release|Any CPU
	EndGlobalSection
	GlobalSection(SolutionProperties) = preSolution
		HideSolutionNode = FALSE
	EndGlobalSection
	GlobalSection(ExtensibilityGlobals) = postSolution
		SolutionGuid = {00FDEA6F-29CE-4AE5-98A8-727E935DCB76}
	EndGlobalSection
EndGlobal
